{
    "name": "primrose",
    "version": "1.0.0",
    "lockfileVersion": 2,
    "requires": true,
    "packages": {
        "": {
            "name": "primrose",
            "version": "1.0.0",
            "devDependencies": {
                "@types/node": "^17.0.18",
                "typescript": "^4.5.5",
                "uglify-js": "^3.15.1"
            }
        },
        "node_modules/@types/node": {
            "version": "17.0.18",
            "resolved": "https://registry.npmjs.org/@types/node/-/node-17.0.18.tgz",
            "integrity": "sha512-eKj4f/BsN/qcculZiRSujogjvp5O/k4lOW5m35NopjZM/QwLOR075a8pJW5hD+Rtdm2DaCVPENS6KtSQnUD6BA==",
            "dev": true
        },
        "node_modules/typescript": {
            "version": "4.5.5",
            "resolved": "https://registry.npmjs.org/typescript/-/typescript-4.5.5.tgz",
            "integrity": "sha512-TCTIul70LyWe6IJWT8QSYeA54WQe8EjQFU4wY52Fasj5UKx88LNYKCgBEHcOMOrFF1rKGbD8v/xcNWVUq9SymA==",
            "dev": true,
            "bin": {
                "tsc": "bin/tsc",
                "tsserver": "bin/tsserver"
            },
            "engines": {
                "node": ">=4.2.0"
            }
        },
        "node_modules/uglify-js": {
            "version": "3.15.1",
            "resolved": "https://registry.npmjs.org/uglify-js/-/uglify-js-3.15.1.tgz",
            "integrity": "sha512-FAGKF12fWdkpvNJZENacOH0e/83eG6JyVQyanIJaBXCN1J11TUQv1T1/z8S+Z0CG0ZPk1nPcreF/c7lrTd0TEQ==",
            "dev": true,
            "bin": {
                "uglifyjs": "bin/uglifyjs"
            },
            "engines": {
                "node": ">=0.8.0"
            }
        }
    },
    "dependencies": {
        "@types/node": {
            "version": "17.0.18",
            "resolved": "https://registry.npmjs.org/@types/node/-/node-17.0.18.tgz",
            "integrity": "sha512-eKj4f/BsN/qcculZiRSujogjvp5O/k4lOW5m35NopjZM/QwLOR075a8pJW5hD+Rtdm2DaCVPENS6KtSQnUD6BA==",
            "dev": true
        },
        "typescript": {
            "version": "4.5.5",
            "resolved": "https://registry.npmjs.org/typescript/-/typescript-4.5.5.tgz",
            "integrity": "sha512-TCTIul70LyWe6IJWT8QSYeA54WQe8EjQFU4wY52Fasj5UKx88LNYKCgBEHcOMOrFF1rKGbD8v/xcNWVUq9SymA==",
            "dev": true
        },
        "uglify-js": {
            "version": "3.15.1",
            "resolved": "https://registry.npmjs.org/uglify-js/-/uglify-js-3.15.1.tgz",
            "integrity": "sha512-FAGKF12fWdkpvNJZENacOH0e/83eG6JyVQyanIJaBXCN1J11TUQv1T1/z8S+Z0CG0ZPk1nPcreF/c7lrTd0TEQ==",
            "dev": true
        }
    }
}
